// !$*UTF8*$!
{
	archiveVersion = 1;
	classes = {
	};
	objectVersion = 46;
	objects = {

/* Begin PBXBuildFile section */
		F58CD4BE191C349E00FAAC88 /* UIKit.framework in Frameworks */ = {isa = PBXBuildFile; fileRef = F58CD4BD191C349E00FAAC88 /* UIKit.framework */; };
		F58CD4C0191C349E00FAAC88 /* Foundation.framework in Frameworks */ = {isa = PBXBuildFile; fileRef = F58CD4BF191C349E00FAAC88 /* Foundation.framework */; };
		F58CD4C2191C349E00FAAC88 /* CoreGraphics.framework in Frameworks */ = {isa = PBXBuildFile; fileRef = F58CD4C1191C349E00FAAC88 /* CoreGraphics.framework */; };
		F58CD4C8191C349E00FAAC88 /* InfoPlist.strings in Resources */ = {isa = PBXBuildFile; fileRef = F58CD4C6191C349E00FAAC88 /* InfoPlist.strings */; };
		F58CD4CA191C349E00FAAC88 /* main.m in Sources */ = {isa = PBXBuildFile; fileRef = F58CD4C9191C349E00FAAC88 /* main.m */; };
		F58CD4CE191C349E00FAAC88 /* AppDelegate.m in Sources */ = {isa = PBXBuildFile; fileRef = F58CD4CD191C349E00FAAC88 /* AppDelegate.m */; };
		F58CD4D0191C349E00FAAC88 /* Default.png in Resources */ = {isa = PBXBuildFile; fileRef = F58CD4CF191C349E00FAAC88 /* Default.png */; };
		F58CD4D2191C349E00FAAC88 /* Default@2x.png in Resources */ = {isa = PBXBuildFile; fileRef = F58CD4D1191C349E00FAAC88 /* Default@2x.png */; };
		F58CD4D4191C349E00FAAC88 /* Default-568h@2x.png in Resources */ = {isa = PBXBuildFile; fileRef = F58CD4D3191C349E00FAAC88 /* Default-568h@2x.png */; };
		F58CD4DC191C349E00FAAC88 /* SenTestingKit.framework in Frameworks */ = {isa = PBXBuildFile; fileRef = F58CD4DB191C349E00FAAC88 /* SenTestingKit.framework */; };
		F58CD4DD191C349E00FAAC88 /* UIKit.framework in Frameworks */ = {isa = PBXBuildFile; fileRef = F58CD4BD191C349E00FAAC88 /* UIKit.framework */; };
		F58CD4DE191C349E00FAAC88 /* Foundation.framework in Frameworks */ = {isa = PBXBuildFile; fileRef = F58CD4BF191C349E00FAAC88 /* Foundation.framework */; };
		F58CD4E6191C349E00FAAC88 /* InfoPlist.strings in Resources */ = {isa = PBXBuildFile; fileRef = F58CD4E4191C349E00FAAC88 /* InfoPlist.strings */; };
		F58CD4E9191C349E00FAAC88 /* Test1Tests.m in Sources */ = {isa = PBXBuildFile; fileRef = F58CD4E8191C349E00FAAC88 /* Test1Tests.m */; };
/* End PBXBuildFile section */

/* Begin PBXContainerItemProxy section */
		F58CD4DF191C349E00FAAC88 /* PBXContainerItemProxy */ = {
			isa = PBXContainerItemProxy;
			containerPortal = F58CD4B2191C349E00FAAC88 /* Project object */;
			proxyType = 1;
			remoteGlobalIDString = F58CD4B9191C349E00FAAC88;
			remoteInfo = Test1;
		};
/* End PBXContainerItemProxy section */

/* Begin PBXFileReference section */
		F58CD4BA191C349E00FAAC88 /* Test1.app */ = {isa = PBXFileReference; explicitFileType = wrapper.application; includeInIndex = 0; path = Test1.app; sourceTree = BUILT_PRODUCTS_DIR; };
		F58CD4BD191C349E00FAAC88 /* UIKit.framework */ = {isa = PBXFileReference; lastKnownFileType = wrapper.framework; name = UIKit.framework; path = System/Library/Frameworks/UIKit.framework; sourceTree = SDKROOT; };
		F58CD4BF191C349E00FAAC88 /* Foundation.framework */ = {isa = PBXFileReference; lastKnownFileType = wrapper.framework; name = Foundation.framework; path = System/Library/Frameworks/Foundation.framework; sourceTree = SDKROOT; };
		F58CD4C1191C349E00FAAC88 /* CoreGraphics.framework */ = {isa = PBXFileReference; lastKnownFileType = wrapper.framework; name = CoreGraphics.framework; path = System/Library/Frameworks/CoreGraphics.framework; sourceTree = SDKROOT; };
		F58CD4C5191C349E00FAAC88 /* Test1-Info.plist */ = {isa = PBXFileReference; lastKnownFileType = text.plist.xml; path = "Test1-Info.plist"; sourceTree = "<group>"; };
		F58CD4C7191C349E00FAAC88 /* en */ = {isa = PBXFileReference; lastKnownFileType = text.plist.strings; name = en; path = en.lproj/InfoPlist.strings; sourceTree = "<group>"; };
		F58CD4C9191C349E00FAAC88 /* main.m */ = {isa = PBXFileReference; lastKnownFileType = sourcecode.c.objc; path = main.m; sourceTree = "<group>"; };
		F58CD4CB191C349E00FAAC88 /* Test1-Prefix.pch */ = {isa = PBXFileReference; lastKnownFileType = sourcecode.c.h; path = "Test1-Prefix.pch"; sourceTree = "<group>"; };
		F58CD4CC191C349E00FAAC88 /* AppDelegate.h */ = {isa = PBXFileReference; lastKnownFileType = sourcecode.c.h; path = AppDelegate.h; sourceTree = "<group>"; };
		F58CD4CD191C349E00FAAC88 /* AppDelegate.m */ = {isa = PBXFileReference; lastKnownFileType = sourcecode.c.objc; path = AppDelegate.m; sourceTree = "<group>"; };
		F58CD4CF191C349E00FAAC88 /* Default.png */ = {isa = PBXFileReference; lastKnownFileType = image.png; path = Default.png; sourceTree = "<group>"; };
		F58CD4D1191C349E00FAAC88 /* Default@2x.png */ = {isa = PBXFileReference; lastKnownFileType = image.png; path = "Default@2x.png"; sourceTree = "<group>"; };
		F58CD4D3191C349E00FAAC88 /* Default-568h@2x.png */ = {isa = PBXFileReference; lastKnownFileType = image.png; path = "Default-568h@2x.png"; sourceTree = "<group>"; };
		F58CD4DA191C349E00FAAC88 /* Test1Tests.octest */ = {isa = PBXFileReference; explicitFileType = wrapper.cfbundle; includeInIndex = 0; path = Test1Tests.octest; sourceTree = BUILT_PRODUCTS_DIR; };
		F58CD4DB191C349E00FAAC88 /* SenTestingKit.framework */ = {isa = PBXFileReference; lastKnownFileType = wrapper.framework; name = SenTestingKit.framework; path = Library/Frameworks/SenTestingKit.framework; sourceTree = DEVELOPER_DIR; };
		F58CD4E3191C349E00FAAC88 /* Test1Tests-Info.plist */ = {isa = PBXFileReference; lastKnownFileType = text.plist.xml; path = "Test1Tests-Info.plist"; sourceTree = "<group>"; };
		F58CD4E5191C349E00FAAC88 /* en */ = {isa = PBXFileReference; lastKnownFileType = text.plist.strings; name = en; path = en.lproj/InfoPlist.strings; sourceTree = "<group>"; };
		F58CD4E7191C349E00FAAC88 /* Test1Tests.h */ = {isa = PBXFileReference; lastKnownFileType = sourcecode.c.h; path = Test1Tests.h; sourceTree = "<group>"; };
		F58CD4E8191C349E00FAAC88 /* Test1Tests.m */ = {isa = PBXFileReference; lastKnownFileType = sourcecode.c.objc; path = Test1Tests.m; sourceTree = "<group>"; };
/* End PBXFileReference section */

/* Begin PBXFrameworksBuildPhase section */
		F58CD4B7191C349E00FAAC88 /* Frameworks */ = {
			isa = PBXFrameworksBuildPhase;
			buildActionMask = 2147483647;
			files = (
				F58CD4BE191C349E00FAAC88 /* UIKit.framework in Frameworks */,
				F58CD4C0191C349E00FAAC88 /* Foundation.framework in Frameworks */,
				F58CD4C2191C349E00FAAC88 /* CoreGraphics.framework in Frameworks */,
			);
			runOnlyForDeploymentPostprocessing = 0;
		};
		F58CD4D6191C349E00FAAC88 /* Frameworks */ = {
			isa = PBXFrameworksBuildPhase;
			buildActionMask = 2147483647;
			files = (
				F58CD4DC191C349E00FAAC88 /* SenTestingKit.framework in Frameworks */,
				F58CD4DD191C349E00FAAC88 /* UIKit.framework in Frameworks */,
				F58CD4DE191C349E00FAAC88 /* Foundation.framework in Frameworks */,
			);
			runOnlyForDeploymentPostprocessing = 0;
		};
/* End PBXFrameworksBuildPhase section */

/* Begin PBXGroup section */
		F58CD4B1191C349E00FAAC88 = {
			isa = PBXGroup;
			children = (
				F58CD4C3191C349E00FAAC88 /* Test1 */,
				F58CD4E1191C349E00FAAC88 /* Test1Tests */,
				F58CD4BC191C349E00FAAC88 /* Frameworks */,
				F58CD4BB191C349E00FAAC88 /* Products */,
			);
			sourceTree = "<group>";
		};
		F58CD4BB191C349E00FAAC88 /* Products */ = {
			isa = PBXGroup;
			children = (
				F58CD4BA191C349E00FAAC88 /* Test1.app */,
				F58CD4DA191C349E00FAAC88 /* Test1Tests.octest */,
			);
			name = Products;
			sourceTree = "<group>";
		};
		F58CD4BC191C349E00FAAC88 /* Frameworks */ = {
			isa = PBXGroup;
			children = (
				F58CD4BD191C349E00FAAC88 /* UIKit.framework */,
				F58CD4BF191C349E00FAAC88 /* Foundation.framework */,
				F58CD4C1191C349E00FAAC88 /* CoreGraphics.framework */,
				F58CD4DB191C349E00FAAC88 /* SenTestingKit.framework */,
			);
			name = Frameworks;
			sourceTree = "<group>";
		};
		F58CD4C3191C349E00FAAC88 /* Test1 */ = {
			isa = PBXGroup;
			children = (
				F58CD4CC191C349E00FAAC88 /* AppDelegate.h */,
				F58CD4CD191C349E00FAAC88 /* AppDelegate.m */,
				F58CD4C4191C349E00FAAC88 /* Supporting Files */,
			);
			path = Test1;
			sourceTree = "<group>";
		};
		F58CD4C4191C349E00FAAC88 /* Supporting Files */ = {
			isa = PBXGroup;
			children = (
				F58CD4C5191C349E00FAAC88 /* Test1-Info.plist */,
				F58CD4C6191C349E00FAAC88 /* InfoPlist.strings */,
				F58CD4C9191C349E00FAAC88 /* main.m */,
				F58CD4CB191C349E00FAAC88 /* Test1-Prefix.pch */,
				F58CD4CF191C349E00FAAC88 /* Default.png */,
				F58CD4D1191C349E00FAAC88 /* Default@2x.png */,
				F58CD4D3191C349E00FAAC88 /* Default-568h@2x.png */,
			);
			name = "Supporting Files";
			sourceTree = "<group>";
		};
		F58CD4E1191C349E00FAAC88 /* Test1Tests */ = {
			isa = PBXGroup;
			children = (
				F58CD4E7191C349E00FAAC88 /* Test1Tests.h */,
				F58CD4E8191C349E00FAAC88 /* Test1Tests.m */,
				F58CD4E2191C349E00FAAC88 /* Supporting Files */,
			);
			path = Test1Tests;
			sourceTree = "<group>";
		};
		F58CD4E2191C349E00FAAC88 /* Supporting Files */ = {
			isa = PBXGroup;
			children = (
				F58CD4E3191C349E00FAAC88 /* Test1Tests-Info.plist */,
				F58CD4E4191C349E00FAAC88 /* InfoPlist.strings */,
			);
			name = "Supporting Files";
			sourceTree = "<group>";
		};
/* End PBXGroup section */

/* Begin PBXNativeTarget section */
		F58CD4B9191C349E00FAAC88 /* Test1 */ = {
			isa = PBXNativeTarget;
			buildConfigurationList = F58CD4EC191C349E00FAAC88 /* Build configuration list for PBXNativeTarget "Test1" */;
			buildPhases = (
				F58CD4B6191C349E00FAAC88 /* Sources */,
				F58CD4B7191C349E00FAAC88 /* Frameworks */,
				F58CD4B8191C349E00FAAC88 /* Resources */,
			);
			buildRules = (
			);
			dependencies = (
			);
			name = Test1;
			productName = Test1;
			productReference = F58CD4BA191C349E00FAAC88 /* Test1.app */;
			productType = "com.apple.product-type.application";
		};
		F58CD4D9191C349E00FAAC88 /* Test1Tests */ = {
			isa = PBXNativeTarget;
			buildConfigurationList = F58CD4EF191C349E00FAAC88 /* Build configuration list for PBXNativeTarget "Test1Tests" */;
			buildPhases = (
				F58CD4D5191C349E00FAAC88 /* Sources */,
				F58CD4D6191C349E00FAAC88 /* Frameworks */,
				F58CD4D7191C349E00FAAC88 /* Resources */,
				F58CD4D8191C349E00FAAC88 /* ShellScript */,
			);
			buildRules = (
			);
			dependencies = (
				F58CD4E0191C349E00FAAC88 /* PBXTargetDependency */,
			);
			name = Test1Tests;
			productName = Test1Tests;
			productReference = F58CD4DA191C349E00FAAC88 /* Test1Tests.octest */;
			productType = "com.apple.product-type.bundle";
		};
/* End PBXNativeTarget section */

/* Begin PBXProject section */
		F58CD4B2191C349E00FAAC88 /* Project object */ = {
			isa = PBXProject;
			attributes = {
				LastUpgradeCheck = 0460;
				ORGANIZATIONNAME = "Lucy He";
			};
			buildConfigurationList = F58CD4B5191C349E00FAAC88 /* Build configuration list for PBXProject "Test1" */;
			compatibilityVersion = "Xcode 3.2";
			developmentRegion = English;
			hasScannedForEncodings = 0;
			knownRegions = (
				en,
			);
			mainGroup = F58CD4B1191C349E00FAAC88;
			productRefGroup = F58CD4BB191C349E00FAAC88 /* Products */;
			projectDirPath = "";
			projectRoot = "";
			targets = (
				F58CD4B9191C349E00FAAC88 /* Test1 */,
				F58CD4D9191C349E00FAAC88 /* Test1Tests */,
			);
		};
/* End PBXProject section */

/* Begin PBXResourcesBuildPhase section */
		F58CD4B8191C349E00FAAC88 /* Resources */ = {
			isa = PBXResourcesBuildPhase;
			buildActionMask = 2147483647;
			files = (
				F58CD4C8191C349E00FAAC88 /* InfoPlist.strings in Resources */,
				F58CD4D0191C349E00FAAC88 /* Default.png in Resources */,
				F58CD4D2191C349E00FAAC88 /* Default@2x.png in Resources */,
				F58CD4D4191C349E00FAAC88 /* Default-568h@2x.png in Resources */,
			);
			runOnlyForDeploymentPostprocessing = 0;
		};
		F58CD4D7191C349E00FAAC88 /* Resources */ = {
			isa = PBXResourcesBuildPhase;
			buildActionMask = 2147483647;
			files = (
				F58CD4E6191C349E00FAAC88 /* InfoPlist.strings in Resources */,
			);
			runOnlyForDeploymentPostprocessing = 0;
		};
/* End PBXResourcesBuildPhase section */

/* Begin PBXShellScriptBuildPhase section */
		F58CD4D8191C349E00FAAC88 /* ShellScript */ = {
			isa = PBXShellScriptBuildPhase;
			buildActionMask = 2147483647;
			files = (
			);
			inputPaths = (
			);
			outputPaths = (
			);
			runOnlyForDeploymentPostprocessing = 0;
			shellPath = /bin/sh;
			shellScript = "# Run the unit tests in this test bundle.\n\"${SYSTEM_DEVELOPER_DIR}/Tools/RunUnitTests\"\n";
		};
/* End PBXShellScriptBuildPhase section */

/* Begin PBXSourcesBuildPhase section */
		F58CD4B6191C349E00FAAC88 /* Sources */ = {
			isa = PBXSourcesBuildPhase;
			buildActionMask = 2147483647;
			files = (
				F58CD4CA191C349E00FAAC88 /* main.m in Sources */,
				F58CD4CE191C349E00FAAC88 /* AppDelegate.m in Sources */,
			);
			runOnlyForDeploymentPostprocessing = 0;
		};
		F58CD4D5191C349E00FAAC88 /* Sources */ = {
			isa = PBXSourcesBuildPhase;
			buildActionMask = 2147483647;
			files = (
				F58CD4E9191C349E00FAAC88 /* Test1Tests.m in Sources */,
			);
			runOnlyForDeploymentPostprocessing = 0;
		};
/* End PBXSourcesBuildPhase section */

/* Begin PBXTargetDependency section */
		F58CD4E0191C349E00FAAC88 /* PBXTargetDependency */ = {
			isa = PBXTargetDependency;
			target = F58CD4B9191C349E00FAAC88 /* Test1 */;
			targetProxy = F58CD4DF191C349E00FAAC88 /* PBXContainerItemProxy */;
		};
/* End PBXTargetDependency section */

/* Begin PBXVariantGroup section */
		F58CD4C6191C349E00FAAC88 /* InfoPlist.strings */ = {
			isa = PBXVariantGroup;
			children = (
				F58CD4C7191C349E00FAAC88 /* en */,
			);
			name = InfoPlist.strings;
			sourceTree = "<group>";
		};
		F58CD4E4191C349E00FAAC88 /* InfoPlist.strings */ = {
			isa = PBXVariantGroup;
			children = (
				F58CD4E5191C349E00FAAC88 /* en */,
			);
			name = InfoPlist.strings;
			sourceTree = "<group>";
		};
/* End PBXVariantGroup section */

/* Begin XCBuildConfiguration section */
		F58CD4EA191C349E00FAAC88 /* Debug */ = {
			isa = XCBuildConfiguration;
			buildSettings = {
				ALWAYS_SEARCH_USER_PATHS = NO;
				CLANG_CXX_LANGUAGE_STANDARD = "gnu++0x";
				CLANG_CXX_LIBRARY = "libc++";
				CLANG_ENABLE_OBJC_ARC = YES;
				CLANG_WARN_CONSTANT_CONVERSION = YES;
				CLANG_WARN_EMPTY_BODY = YES;
				CLANG_WARN_ENUM_CONVERSION = YES;
				CLANG_WARN_INT_CONVERSION = YES;
				CLANG_WARN__DUPLICATE_METHOD_MATCH = YES;
				"CODE_SIGN_IDENTITY[sdk=iphoneos*]" = "iPhone Developer";
				COPY_PHASE_STRIP = NO;
				GCC_C_LANGUAGE_STANDARD = gnu99;
				GCC_DYNAMIC_NO_PIC = NO;
				GCC_OPTIMIZATION_LEVEL = 0;
				GCC_PREPROCESSOR_DEFINITIONS = (
					"DEBUG=1",
					"$(inherited)",
				);
				GCC_SYMBOLS_PRIVATE_EXTERN = NO;
				GCC_WARN_ABOUT_RETURN_TYPE = YES;
				GCC_WARN_UNINITIALIZED_AUTOS = YES;
				GCC_WARN_UNUSED_VARIABLE = YES;
				IPHONEOS_DEPLOYMENT_TARGET = 6.1;
				ONLY_ACTIVE_ARCH = YES;
				SDKROOT = iphoneos;
				TARGETED_DEVICE_FAMILY = "1,2";
			};
			name = Debug;
		};
		F58CD4EB191C349E00FAAC88 /* Release */ = {
			isa = XCBuildConfiguration;
			buildSettings = {
				ALWAYS_SEARCH_USER_PATHS = NO;
				CLANG_CXX_LANGUAGE_STANDARD = "gnu++0x";
				CLANG_CXX_LIBRARY = "libc++";
				CLANG_ENABLE_OBJC_ARC = YES;
				CLANG_WARN_CONSTANT_CONVERSION = YES;
				CLANG_WARN_EMPTY_BODY = YES;
				CLANG_WARN_ENUM_CONVERSION = YES;
				CLANG_WARN_INT_CONVERSION = YES;
				CLANG_WARN__DUPLICATE_METHOD_MATCH = YES;
				"CODE_SIGN_IDENTITY[sdk=iphoneos*]" = "iPhone Developer";
				COPY_PHASE_STRIP = YES;
				GCC_C_LANGUAGE_STANDARD = gnu99;
				GCC_WARN_ABOUT_RETURN_TYPE = YES;
				GCC_WARN_UNINITIALIZED_AUTOS = YES;
				GCC_WARN_UNUSED_VARIABLE = YES;
				IPHONEOS_DEPLOYMENT_TARGET = 6.1;
				OTHER_CFLAGS = "-DNS_BLOCK_ASSERTIONS=1";
				SDKROOT = iphoneos;
				TARGETED_DEVICE_FAMILY = "1,2";
				VALIDATE_PRODUCT = YES;
			};
			name = Release;
		};
		F58CD4ED191C349E00FAAC88 /* Debug */ = {
			isa = XCBuildConfiguration;
			buildSettings = {
				GCC_PRECOMPILE_PREFIX_HEADER = YES;
				GCC_PREFIX_HEADER = "Test1/Test1-Prefix.pch";
				INFOPLIST_FILE = "Test1/Test1-Info.plist";
				PRODUCT_NAME = "$(TARGET_NAME)";
				WRAPPER_EXTENSION = app;
			};
			name = Debug;
		};
		F58CD4EE191C349E00FAAC88 /* Release */ = {
			isa = XCBuildConfiguration;
			buildSettings = {
				GCC_PRECOMPILE_PREFIX_HEADER = YES;
				GCC_PREFIX_HEADER = "Test1/Test1-Prefix.pch";
				INFOPLIST_FILE = "Test1/Test1-Info.plist";
				PRODUCT_NAME = "$(TARGET_NAME)";
				WRAPPER_EXTENSION = app;
			};
			name = Release;
		};
		F58CD4F0191C349E00FAAC88 /* Debug */ = {
			isa = XCBuildConfiguration;
			buildSettings = {
				BUNDLE_LOADER = "$(BUILT_PRODUCTS_DIR)/Test1.app/Test1";
				FRAMEWORK_SEARCH_PATHS = (
					"\"$(SDKROOT)/Developer/Library/Frameworks\"",
					"\"$(DEVELOPER_LIBRARY_DIR)/Frameworks\"",
				);
				GCC_PRECOMPILE_PREFIX_HEADER = YES;
				GCC_PREFIX_HEADER = "Test1/Test1-Prefix.pch";
				INFOPLIST_FILE = "Test1Tests/Test1Tests-Info.plist";
				PRODUCT_NAME = "$(TARGET_NAME)";
				TEST_HOST = "$(BUNDLE_LOADER)";
				WRAPPER_EXTENSION = octest;
			};
			name = Debug;
		};
		F58CD4F1191C349E00FAAC88 /* Release */ = {
			isa = XCBuildConfiguration;
			buildSettings = {
				BUNDLE_LOADER = "$(BUILT_PRODUCTS_DIR)/Test1.app/Test1";
				FRAMEWORK_SEARCH_PATHS = (
					"\"$(SDKROOT)/Developer/Library/Frameworks\"",
					"\"$(DEVELOPER_LIBRARY_DIR)/Frameworks\"",
				);
				GCC_PRECOMPILE_PREFIX_HEADER = YES;
				GCC_PREFIX_HEADER = "Test1/Test1-Prefix.pch";
				INFOPLIST_FILE = "Test1Tests/Test1Tests-Info.plist";
				PRODUCT_NAME = "$(TARGET_NAME)";
				TEST_HOST = "$(BUNDLE_LOADER)";
				WRAPPER_EXTENSION = octest;
			};
			name = Release;
		};
/* End XCBuildConfiguration section */

/* Begin XCConfigurationList section */
		F58CD4B5191C349E00FAAC88 /* Build configuration list for PBXProject "Test1" */ = {
			isa = XCConfigurationList;
			buildConfigurations = (
				F58CD4EA191C349E00FAAC88 /* Debug */,
				F58CD4EB191C349E00FAAC88 /* Release */,
			);
			defaultConfigurationIsVisible = 0;
			defaultConfigurationName = Release;
		};
		F58CD4EC191C349E00FAAC88 /* Build configuration list for PBXNativeTarget "Test1" */ = {
			isa = XCConfigurationList;
			buildConfigurations = (
				F58CD4ED191C349E00FAAC88 /* Debug */,
				F58CD4EE191C349E00FAAC88 /* Release */,
			);
			defaultConfigurationIsVisible = 0;
		};
		F58CD4EF191C349E00FAAC88 /* Build configuration list for PBXNativeTarget "Test1Tests" */ = {
			isa = XCConfigurationList;
			buildConfigurations = (
				F58CD4F0191C349E00FAAC88 /* Debug */,
				F58CD4F1191C349E00FAAC88 /* Release */,
			);
			defaultConfigurationIsVisible = 0;
		};
/* End XCConfigurationList section */
	};
	rootObject = F58CD4B2191C349E00FAAC88 /* Project object */;
}
